<Solution>
  <Folder Name="/IOC/">
    <Project Path="SGA.IOC/SGA.IOC.csproj" Id="9bb62311-2c3d-4bff-8069-44e25c45aac4" />
  </Folder>
  <Folder Name="/SGA.Api/">
    <Project Path="SGA.Api/SGA.Api.csproj" />
  </Folder>
  <Folder Name="/SGA.Application/">
    <Project Path="SGA.Application/SGA.Application.csproj" />
  </Folder>
  <Folder Name="/SGA.Domain/">
    <Project Path="SGA.Domain/SGA.Domain.csproj" />
  </Folder>
  <Folder Name="/SGA.Model/">
    <Project Path="SGA.Model/SGA.Model.csproj" />
  </Folder>
  <Folder Name="/SGA.Persistence/">
    <Project Path="SGA.Persistence/SGA.Persistence.csproj" />
  </Folder>
  <Folder Name="/SGA.Test/">
    <Project Path="SGA.Application.Test/SGA.Application.Test.csproj" />
    <Project Path="SGA.Persistence.Test/SGA.Persistence.Test.csproj" />
  </Folder>
  <Folder Name="/SGA.Web.Extra/" Id="e76fe2b3-0cbe-9885-063a-b768ad2f574b">
    <Project Path="SGA.Web.App/SGA.Web.App.csproj" Id="c1c027bd-75cc-4103-850a-1c248d4ce656" />
  </Folder>
</Solution>
